// !$*UTF8*$!
{
	archiveVersion = 1;
	classes = {
	};
	objectVersion = 46;
	objects = {

/* Begin PBXBuildFile section */
		ADCC80B81B45A7460053300B /* main.m in Sources */ = {isa = PBXBuildFile; fileRef = ADCC80B71B45A7460053300B /* main.m */; };
		ADCC80BB1B45A7460053300B /* AppDelegate.m in Sources */ = {isa = PBXBuildFile; fileRef = ADCC80BA1B45A7460053300B /* AppDelegate.m */; };
		ADCC80BE1B45A7460053300B /* ViewController.m in Sources */ = {isa = PBXBuildFile; fileRef = ADCC80BD1B45A7460053300B /* ViewController.m */; };
		ADCC80C11B45A7460053300B /* Main.storyboard in Resources */ = {isa = PBXBuildFile; fileRef = ADCC80BF1B45A7460053300B /* Main.storyboard */; };
		ADCC80C31B45A7460053300B /* Images.xcassets in Resources */ = {isa = PBXBuildFile; fileRef = ADCC80C21B45A7460053300B /* Images.xcassets */; };
		ADCC80C61B45A7460053300B /* LaunchScreen.xib in Resources */ = {isa = PBXBuildFile; fileRef = ADCC80C41B45A7460053300B /* LaunchScreen.xib */; };
		ADCC80D21B45A7470053300B /* nine_ask_community_iosTests.m in Sources */ = {isa = PBXBuildFile; fileRef = ADCC80D11B45A7470053300B /* nine_ask_community_iosTests.m */; };
/* End PBXBuildFile section */

/* Begin PBXContainerItemProxy section */
		ADCC80CC1B45A7470053300B /* PBXContainerItemProxy */ = {
			isa = PBXContainerItemProxy;
			containerPortal = ADCC80AA1B45A7460053300B /* Project object */;
			proxyType = 1;
			remoteGlobalIDString = ADCC80B11B45A7460053300B;
			remoteInfo = "nine-ask-community-ios";
		};
/* End PBXContainerItemProxy section */

/* Begin PBXFileReference section */
		ADCC80B21B45A7460053300B /* nine-ask-community-ios.app */ = {isa = PBXFileReference; explicitFileType = wrapper.application; includeInIndex = 0; path = "nine-ask-community-ios.app"; sourceTree = BUILT_PRODUCTS_DIR; };
		ADCC80B61B45A7460053300B /* Info.plist */ = {isa = PBXFileReference; lastKnownFileType = text.plist.xml; path = Info.plist; sourceTree = "<group>"; };
		ADCC80B71B45A7460053300B /* main.m */ = {isa = PBXFileReference; lastKnownFileType = sourcecode.c.objc; path = main.m; sourceTree = "<group>"; };
		ADCC80B91B45A7460053300B /* AppDelegate.h */ = {isa = PBXFileReference; lastKnownFileType = sourcecode.c.h; path = AppDelegate.h; sourceTree = "<group>"; };
		ADCC80BA1B45A7460053300B /* AppDelegate.m */ = {isa = PBXFileReference; lastKnownFileType = sourcecode.c.objc; path = AppDelegate.m; sourceTree = "<group>"; };
		ADCC80BC1B45A7460053300B /* ViewController.h */ = {isa = PBXFileReference; lastKnownFileType = sourcecode.c.h; path = ViewController.h; sourceTree = "<group>"; };
		ADCC80BD1B45A7460053300B /* ViewController.m */ = {isa = PBXFileReference; lastKnownFileType = sourcecode.c.objc; path = ViewController.m; sourceTree = "<group>"; };
		ADCC80C01B45A7460053300B /* Base */ = {isa = PBXFileReference; lastKnownFileType = file.storyboard; name = Base; path = Base.lproj/Main.storyboard; sourceTree = "<group>"; };
		ADCC80C21B45A7460053300B /* Images.xcassets */ = {isa = PBXFileReference; lastKnownFileType = folder.assetcatalog; path = Images.xcassets; sourceTree = "<group>"; };
		ADCC80C51B45A7460053300B /* Base */ = {isa = PBXFileReference; lastKnownFileType = file.xib; name = Base; path = Base.lproj/LaunchScreen.xib; sourceTree = "<group>"; };
		ADCC80CB1B45A7470053300B /* nine-ask-community-iosTests.xctest */ = {isa = PBXFileReference; explicitFileType = wrapper.cfbundle; includeInIndex = 0; path = "nine-ask-community-iosTests.xctest"; sourceTree = BUILT_PRODUCTS_DIR; };
		ADCC80D01B45A7470053300B /* Info.plist */ = {isa = PBXFileReference; lastKnownFileType = text.plist.xml; path = Info.plist; sourceTree = "<group>"; };
		ADCC80D11B45A7470053300B /* nine_ask_community_iosTests.m */ = {isa = PBXFileReference; lastKnownFileType = sourcecode.c.objc; path = nine_ask_community_iosTests.m; sourceTree = "<group>"; };
/* End PBXFileReference section */

/* Begin PBXFrameworksBuildPhase section */
		ADCC80AF1B45A7460053300B /* Frameworks */ = {
			isa = PBXFrameworksBuildPhase;
			buildActionMask = 2147483647;
			files = (
			);
			runOnlyForDeploymentPostprocessing = 0;
		};
		ADCC80C81B45A7470053300B /* Frameworks */ = {
			isa = PBXFrameworksBuildPhase;
			buildActionMask = 2147483647;
			files = (
			);
			runOnlyForDeploymentPostprocessing = 0;
		};
/* End PBXFrameworksBuildPhase section */

/* Begin PBXGroup section */
		ADCC80A91B45A7460053300B = {
			isa = PBXGroup;
			children = (
				ADCC80B41B45A7460053300B /* nine-ask-community-ios */,
				ADCC80CE1B45A7470053300B /* nine-ask-community-iosTests */,
				ADCC80B31B45A7460053300B /* Products */,
			);
			sourceTree = "<group>";
		};
		ADCC80B31B45A7460053300B /* Products */ = {
			isa = PBXGroup;
			children = (
				ADCC80B21B45A7460053300B /* nine-ask-community-ios.app */,
				ADCC80CB1B45A7470053300B /* nine-ask-community-iosTests.xctest */,
			);
			name = Products;
			sourceTree = "<group>";
		};
		ADCC80B41B45A7460053300B /* nine-ask-community-ios */ = {
			isa = PBXGroup;
			children = (
				ADCC80B91B45A7460053300B /* AppDelegate.h */,
				ADCC80BA1B45A7460053300B /* AppDelegate.m */,
				ADCC80BC1B45A7460053300B /* ViewController.h */,
				ADCC80BD1B45A7460053300B /* ViewController.m */,
				ADCC80BF1B45A7460053300B /* Main.storyboard */,
				ADCC80C21B45A7460053300B /* Images.xcassets */,
				ADCC80C41B45A7460053300B /* LaunchScreen.xib */,
				ADCC80B51B45A7460053300B /* Supporting Files */,
			);
			path = "nine-ask-community-ios";
			sourceTree = "<group>";
		};
		ADCC80B51B45A7460053300B /* Supporting Files */ = {
			isa = PBXGroup;
			children = (
				ADCC80B61B45A7460053300B /* Info.plist */,
				ADCC80B71B45A7460053300B /* main.m */,
			);
			name = "Supporting Files";
			sourceTree = "<group>";
		};
		ADCC80CE1B45A7470053300B /* nine-ask-community-iosTests */ = {
			isa = PBXGroup;
			children = (
				ADCC80D11B45A7470053300B /* nine_ask_community_iosTests.m */,
				ADCC80CF1B45A7470053300B /* Supporting Files */,
			);
			path = "nine-ask-community-iosTests";
			sourceTree = "<group>";
		};
		ADCC80CF1B45A7470053300B /* Supporting Files */ = {
			isa = PBXGroup;
			children = (
				ADCC80D01B45A7470053300B /* Info.plist */,
			);
			name = "Supporting Files";
			sourceTree = "<group>";
		};
/* End PBXGroup section */

/* Begin PBXNativeTarget section */
		ADCC80B11B45A7460053300B /* nine-ask-community-ios */ = {
			isa = PBXNativeTarget;
			buildConfigurationList = ADCC80D51B45A7470053300B /* Build configuration list for PBXNativeTarget "nine-ask-community-ios" */;
			buildPhases = (
				ADCC80AE1B45A7460053300B /* Sources */,
				ADCC80AF1B45A7460053300B /* Frameworks */,
				ADCC80B01B45A7460053300B /* Resources */,
			);
			buildRules = (
			);
			dependencies = (
			);
			name = "nine-ask-community-ios";
			productName = "nine-ask-community-ios";
			productReference = ADCC80B21B45A7460053300B /* nine-ask-community-ios.app */;
			productType = "com.apple.product-type.application";
		};
		ADCC80CA1B45A7470053300B /* nine-ask-community-iosTests */ = {
			isa = PBXNativeTarget;
			buildConfigurationList = ADCC80D81B45A7470053300B /* Build configuration list for PBXNativeTarget "nine-ask-community-iosTests" */;
			buildPhases = (
				ADCC80C71B45A7470053300B /* Sources */,
				ADCC80C81B45A7470053300B /* Frameworks */,
				ADCC80C91B45A7470053300B /* Resources */,
			);
			buildRules = (
			);
			dependencies = (
				ADCC80CD1B45A7470053300B /* PBXTargetDependency */,
			);
			name = "nine-ask-community-iosTests";
			productName = "nine-ask-community-iosTests";
			productReference = ADCC80CB1B45A7470053300B /* nine-ask-community-iosTests.xctest */;
			productType = "com.apple.product-type.bundle.unit-test";
		};
/* End PBXNativeTarget section */

/* Begin PBXProject section */
		ADCC80AA1B45A7460053300B /* Project object */ = {
			isa = PBXProject;
			attributes = {
				LastUpgradeCheck = 0630;
				ORGANIZATIONNAME = world;
				TargetAttributes = {
					ADCC80B11B45A7460053300B = {
						CreatedOnToolsVersion = 6.3.2;
					};
					ADCC80CA1B45A7470053300B = {
						CreatedOnToolsVersion = 6.3.2;
						TestTargetID = ADCC80B11B45A7460053300B;
					};
				};
			};
			buildConfigurationList = ADCC80AD1B45A7460053300B /* Build configuration list for PBXProject "nine-ask-community-ios" */;
			compatibilityVersion = "Xcode 3.2";
			developmentRegion = English;
			hasScannedForEncodings = 0;
			knownRegions = (
				en,
				Base,
			);
			mainGroup = ADCC80A91B45A7460053300B;
			productRefGroup = ADCC80B31B45A7460053300B /* Products */;
			projectDirPath = "";
			projectRoot = "";
			targets = (
				ADCC80B11B45A7460053300B /* nine-ask-community-ios */,
				ADCC80CA1B45A7470053300B /* nine-ask-community-iosTests */,
			);
		};
/* End PBXProject section */

/* Begin PBXResourcesBuildPhase section */
		ADCC80B01B45A7460053300B /* Resources */ = {
			isa = PBXResourcesBuildPhase;
			buildActionMask = 2147483647;
			files = (
				ADCC80C11B45A7460053300B /* Main.storyboard in Resources */,
				ADCC80C61B45A7460053300B /* LaunchScreen.xib in Resources */,
				ADCC80C31B45A7460053300B /* Images.xcassets in Resources */,
			);
			runOnlyForDeploymentPostprocessing = 0;
		};
		ADCC80C91B45A7470053300B /* Resources */ = {
			isa = PBXResourcesBuildPhase;
			buildActionMask = 2147483647;
			files = (
			);
			runOnlyForDeploymentPostprocessing = 0;
		};
/* End PBXResourcesBuildPhase section */

/* Begin PBXSourcesBuildPhase section */
		ADCC80AE1B45A7460053300B /* Sources */ = {
			isa = PBXSourcesBuildPhase;
			buildActionMask = 2147483647;
			files = (
				ADCC80BE1B45A7460053300B /* ViewController.m in Sources */,
				ADCC80BB1B45A7460053300B /* AppDelegate.m in Sources */,
				ADCC80B81B45A7460053300B /* main.m in Sources */,
			);
			runOnlyForDeploymentPostprocessing = 0;
		};
		ADCC80C71B45A7470053300B /* Sources */ = {
			isa = PBXSourcesBuildPhase;
			buildActionMask = 2147483647;
			files = (
				ADCC80D21B45A7470053300B /* nine_ask_community_iosTests.m in Sources */,
			);
			runOnlyForDeploymentPostprocessing = 0;
		};
/* End PBXSourcesBuildPhase section */

/* Begin PBXTargetDependency section */
		ADCC80CD1B45A7470053300B /* PBXTargetDependency */ = {
			isa = PBXTargetDependency;
			target = ADCC80B11B45A7460053300B /* nine-ask-community-ios */;
			targetProxy = ADCC80CC1B45A7470053300B /* PBXContainerItemProxy */;
		};
/* End PBXTargetDependency section */

/* Begin PBXVariantGroup section */
		ADCC80BF1B45A7460053300B /* Main.storyboard */ = {
			isa = PBXVariantGroup;
			children = (
				ADCC80C01B45A7460053300B /* Base */,
			);
			name = Main.storyboard;
			sourceTree = "<group>";
		};
		ADCC80C41B45A7460053300B /* LaunchScreen.xib */ = {
			isa = PBXVariantGroup;
			children = (
				ADCC80C51B45A7460053300B /* Base */,
			);
			name = LaunchScreen.xib;
			sourceTree = "<group>";
		};
/* End PBXVariantGroup section */

/* Begin XCBuildConfiguration section */
		ADCC80D31B45A7470053300B /* Debug */ = {
			isa = XCBuildConfiguration;
			buildSettings = {
				ALWAYS_SEARCH_USER_PATHS = NO;
				CLANG_CXX_LANGUAGE_STANDARD = "gnu++0x";
				CLANG_CXX_LIBRARY = "libc++";
				CLANG_ENABLE_MODULES = YES;
				CLANG_ENABLE_OBJC_ARC = YES;
				CLANG_WARN_BOOL_CONVERSION = YES;
				CLANG_WARN_CONSTANT_CONVERSION = YES;
				CLANG_WARN_DIRECT_OBJC_ISA_USAGE = YES_ERROR;
				CLANG_WARN_EMPTY_BODY = YES;
				CLANG_WARN_ENUM_CONVERSION = YES;
				CLANG_WARN_INT_CONVERSION = YES;
				CLANG_WARN_OBJC_ROOT_CLASS = YES_ERROR;
				CLANG_WARN_UNREACHABLE_CODE = YES;
				CLANG_WARN__DUPLICATE_METHOD_MATCH = YES;
				"CODE_SIGN_IDENTITY[sdk=iphoneos*]" = "iPhone Developer";
				COPY_PHASE_STRIP = NO;
				DEBUG_INFORMATION_FORMAT = "dwarf-with-dsym";
				ENABLE_STRICT_OBJC_MSGSEND = YES;
				GCC_C_LANGUAGE_STANDARD = gnu99;
				GCC_DYNAMIC_NO_PIC = NO;
				GCC_NO_COMMON_BLOCKS = YES;
				GCC_OPTIMIZATION_LEVEL = 0;
				GCC_PREPROCESSOR_DEFINITIONS = (
					"DEBUG=1",
					"$(inherited)",
				);
				GCC_SYMBOLS_PRIVATE_EXTERN = NO;
				GCC_WARN_64_TO_32_BIT_CONVERSION = YES;
				GCC_WARN_ABOUT_RETURN_TYPE = YES_ERROR;
				GCC_WARN_UNDECLARED_SELECTOR = YES;
				GCC_WARN_UNINITIALIZED_AUTOS = YES_AGGRESSIVE;
				GCC_WARN_UNUSED_FUNCTION = YES;
				GCC_WARN_UNUSED_VARIABLE = YES;
				IPHONEOS_DEPLOYMENT_TARGET = 8.3;
				MTL_ENABLE_DEBUG_INFO = YES;
				ONLY_ACTIVE_ARCH = YES;
				SDKROOT = iphoneos;
			};
			name = Debug;
		};
		ADCC80D41B45A7470053300B /* Release */ = {
			isa = XCBuildConfiguration;
			buildSettings = {
				ALWAYS_SEARCH_USER_PATHS = NO;
				CLANG_CXX_LANGUAGE_STANDARD = "gnu++0x";
				CLANG_CXX_LIBRARY = "libc++";
				CLANG_ENABLE_MODULES = YES;
				CLANG_ENABLE_OBJC_ARC = YES;
				CLANG_WARN_BOOL_CONVERSION = YES;
				CLANG_WARN_CONSTANT_CONVERSION = YES;
				CLANG_WARN_DIRECT_OBJC_ISA_USAGE = YES_ERROR;
				CLANG_WARN_EMPTY_BODY = YES;
				CLANG_WARN_ENUM_CONVERSION = YES;
				CLANG_WARN_INT_CONVERSION = YES;
				CLANG_WARN_OBJC_ROOT_CLASS = YES_ERROR;
				CLANG_WARN_UNREACHABLE_CODE = YES;
				CLANG_WARN__DUPLICATE_METHOD_MATCH = YES;
				"CODE_SIGN_IDENTITY[sdk=iphoneos*]" = "iPhone Developer";
				COPY_PHASE_STRIP = NO;
				DEBUG_INFORMATION_FORMAT = "dwarf-with-dsym";
				ENABLE_NS_ASSERTIONS = NO;
				ENABLE_STRICT_OBJC_MSGSEND = YES;
				GCC_C_LANGUAGE_STANDARD = gnu99;
				GCC_NO_COMMON_BLOCKS = YES;
				GCC_WARN_64_TO_32_BIT_CONVERSION = YES;
				GCC_WARN_ABOUT_RETURN_TYPE = YES_ERROR;
				GCC_WARN_UNDECLARED_SELECTOR = YES;
				GCC_WARN_UNINITIALIZED_AUTOS = YES_AGGRESSIVE;
				GCC_WARN_UNUSED_FUNCTION = YES;
				GCC_WARN_UNUSED_VARIABLE = YES;
				IPHONEOS_DEPLOYMENT_TARGET = 8.3;
				MTL_ENABLE_DEBUG_INFO = NO;
				SDKROOT = iphoneos;
				VALIDATE_PRODUCT = YES;
			};
			name = Release;
		};
		ADCC80D61B45A7470053300B /* Debug */ = {
			isa = XCBuildConfiguration;
			buildSettings = {
				ASSETCATALOG_COMPILER_APPICON_NAME = AppIcon;
				INFOPLIST_FILE = "nine-ask-community-ios/Info.plist";
				LD_RUNPATH_SEARCH_PATHS = "$(inherited) @executable_path/Frameworks";
				PRODUCT_NAME = "$(TARGET_NAME)";
			};
			name = Debug;
		};
		ADCC80D71B45A7470053300B /* Release */ = {
			isa = XCBuildConfiguration;
			buildSettings = {
				ASSETCATALOG_COMPILER_APPICON_NAME = AppIcon;
				INFOPLIST_FILE = "nine-ask-community-ios/Info.plist";
				LD_RUNPATH_SEARCH_PATHS = "$(inherited) @executable_path/Frameworks";
				PRODUCT_NAME = "$(TARGET_NAME)";
			};
			name = Release;
		};
		ADCC80D91B45A7470053300B /* Debug */ = {
			isa = XCBuildConfiguration;
			buildSettings = {
				BUNDLE_LOADER = "$(TEST_HOST)";
				FRAMEWORK_SEARCH_PATHS = (
					"$(SDKROOT)/Developer/Library/Frameworks",
					"$(inherited)",
				);
				GCC_PREPROCESSOR_DEFINITIONS = (
					"DEBUG=1",
					"$(inherited)",
				);
				INFOPLIST_FILE = "nine-ask-community-iosTests/Info.plist";
				LD_RUNPATH_SEARCH_PATHS = "$(inherited) @executable_path/Frameworks @loader_path/Frameworks";
				PRODUCT_NAME = "$(TARGET_NAME)";
				TEST_HOST = "$(BUILT_PRODUCTS_DIR)/nine-ask-community-ios.app/nine-ask-community-ios";
			};
			name = Debug;
		};
		ADCC80DA1B45A7470053300B /* Release */ = {
			isa = XCBuildConfiguration;
			buildSettings = {
				BUNDLE_LOADER = "$(TEST_HOST)";
				FRAMEWORK_SEARCH_PATHS = (
					"$(SDKROOT)/Developer/Library/Frameworks",
					"$(inherited)",
				);
				INFOPLIST_FILE = "nine-ask-community-iosTests/Info.plist";
				LD_RUNPATH_SEARCH_PATHS = "$(inherited) @executable_path/Frameworks @loader_path/Frameworks";
				PRODUCT_NAME = "$(TARGET_NAME)";
				TEST_HOST = "$(BUILT_PRODUCTS_DIR)/nine-ask-community-ios.app/nine-ask-community-ios";
			};
			name = Release;
		};
/* End XCBuildConfiguration section */

/* Begin XCConfigurationList section */
		ADCC80AD1B45A7460053300B /* Build configuration list for PBXProject "nine-ask-community-ios" */ = {
			isa = XCConfigurationList;
			buildConfigurations = (
				ADCC80D31B45A7470053300B /* Debug */,
				ADCC80D41B45A7470053300B /* Release */,
			);
			defaultConfigurationIsVisible = 0;
			defaultConfigurationName = Release;
		};
		ADCC80D51B45A7470053300B /* Build configuration list for PBXNativeTarget "nine-ask-community-ios" */ = {
			isa = XCConfigurationList;
			buildConfigurations = (
				ADCC80D61B45A7470053300B /* Debug */,
				ADCC80D71B45A7470053300B /* Release */,
			);
			defaultConfigurationIsVisible = 0;
		};
		ADCC80D81B45A7470053300B /* Build configuration list for PBXNativeTarget "nine-ask-community-iosTests" */ = {
			isa = XCConfigurationList;
			buildConfigurations = (
				ADCC80D91B45A7470053300B /* Debug */,
				ADCC80DA1B45A7470053300B /* Release */,
			);
			defaultConfigurationIsVisible = 0;
		};
/* End XCConfigurationList section */
	};
	rootObject = ADCC80AA1B45A7460053300B /* Project object */;
}
